
Microsoft Visual Studio Solution File, Format Version 12.00
# Visual Studio 2012
Project("{FAE04EC0-301F-11D3-BF4B-00C04F79EFBC}") = "X-CRM", "X-CRM\X-CRM.csproj", "{2F36E64D-0E69-4C49-A491-5567B55495CD}"
EndProject
Global
	GlobalSection(SolutionConfigurationPlatforms) = preSolution
		Debug|Any CPU = Debug|Any CPU
		Debug|x64 = Debug|x64
		Release|Any CPU = Release|Any CPU
		Release|x64 = Release|x64
	EndGlobalSection
	GlobalSection(ProjectConfigurationPlatforms) = postSolution
		{2F36E64D-0E69-4C49-A491-5567B55495CD}.Debug|Any CPU.ActiveCfg = Debug|x64
		{2F36E64D-0E69-4C49-A491-5567B55495CD}.Debug|Any CPU.Build.0 = Debug|x64
		{2F36E64D-0E69-4C49-A491-5567B55495CD}.Debug|x64.ActiveCfg = Debug|x64
		{2F36E64D-0E69-4C49-A491-5567B55495CD}.Debug|x64.Build.0 = Debug|x64
		{2F36E64D-0E69-4C49-A491-5567B55495CD}.Release|Any CPU.ActiveCfg = Release|Any CPU
		{2F36E64D-0E69-4C49-A491-5567B55495CD}.Release|Any CPU.Build.0 = Release|Any CPU
		{2F36E64D-0E69-4C49-A491-5567B55495CD}.Release|x64.ActiveCfg = Release|Any CPU
		{2F36E64D-0E69-4C49-A491-5567B55495CD}.Release|x64.Build.0 = Release|Any CPU
	EndGlobalSection
	GlobalSection(SolutionProperties) = preSolution
		HideSolutionNode = FALSE
	EndGlobalSection
EndGlobal
